
Microsoft Visual Studio Solution File, Format Version 12.00
# Visual Studio 15
VisualStudioVersion = 15.0.26124.0
MinimumVisualStudioVersion = 15.0.26124.0
Project("{2150E333-8FDC-42A3-9474-1A3956D46DE8}") = "src", "src", "{821B57FF-8CD1-4FB9-97A0-6D5B7D91AC0D}"
EndProject
Project("{FAE04EC0-301F-11D3-BF4B-00C04F79EFBC}") = "Ranger.Services.Tenants", "src\Ranger.Services.Tenants\Ranger.Services.Tenants.csproj", "{E9F9AC87-15B9-4984-B836-D4017692B341}"
EndProject
Project("{FAE04EC0-301F-11D3-BF4B-00C04F79EFBC}") = "Ranger.Services.Tenants.Data", "src\Ranger.Services.Tenants.Data\Ranger.Services.Tenants.Data.csproj", "{FFA3A491-1D20-4F27-917E-9D26DAA3AC05}"
EndProject
Global
	GlobalSection(SolutionConfigurationPlatforms) = preSolution
		Debug|Any CPU = Debug|Any CPU
		Debug|x64 = Debug|x64
		Debug|x86 = Debug|x86
		Release|Any CPU = Release|Any CPU
		Release|x64 = Release|x64
		Release|x86 = Release|x86
	EndGlobalSection
	GlobalSection(SolutionProperties) = preSolution
		HideSolutionNode = FALSE
	EndGlobalSection
	GlobalSection(ProjectConfigurationPlatforms) = postSolution
		{E9F9AC87-15B9-4984-B836-D4017692B341}.Debug|Any CPU.ActiveCfg = Debug|Any CPU
		{E9F9AC87-15B9-4984-B836-D4017692B341}.Debug|Any CPU.Build.0 = Debug|Any CPU
		{E9F9AC87-15B9-4984-B836-D4017692B341}.Debug|x64.ActiveCfg = Debug|Any CPU
		{E9F9AC87-15B9-4984-B836-D4017692B341}.Debug|x64.Build.0 = Debug|Any CPU
		{E9F9AC87-15B9-4984-B836-D4017692B341}.Debug|x86.ActiveCfg = Debug|Any CPU
		{E9F9AC87-15B9-4984-B836-D4017692B341}.Debug|x86.Build.0 = Debug|Any CPU
		{E9F9AC87-15B9-4984-B836-D4017692B341}.Release|Any CPU.ActiveCfg = Release|Any CPU
		{E9F9AC87-15B9-4984-B836-D4017692B341}.Release|Any CPU.Build.0 = Release|Any CPU
		{E9F9AC87-15B9-4984-B836-D4017692B341}.Release|x64.ActiveCfg = Release|Any CPU
		{E9F9AC87-15B9-4984-B836-D4017692B341}.Release|x64.Build.0 = Release|Any CPU
		{E9F9AC87-15B9-4984-B836-D4017692B341}.Release|x86.ActiveCfg = Release|Any CPU
		{E9F9AC87-15B9-4984-B836-D4017692B341}.Release|x86.Build.0 = Release|Any CPU
		{FFA3A491-1D20-4F27-917E-9D26DAA3AC05}.Debug|Any CPU.ActiveCfg = Debug|Any CPU
		{FFA3A491-1D20-4F27-917E-9D26DAA3AC05}.Debug|Any CPU.Build.0 = Debug|Any CPU
		{FFA3A491-1D20-4F27-917E-9D26DAA3AC05}.Debug|x64.ActiveCfg = Debug|Any CPU
		{FFA3A491-1D20-4F27-917E-9D26DAA3AC05}.Debug|x64.Build.0 = Debug|Any CPU
		{FFA3A491-1D20-4F27-917E-9D26DAA3AC05}.Debug|x86.ActiveCfg = Debug|Any CPU
		{FFA3A491-1D20-4F27-917E-9D26DAA3AC05}.Debug|x86.Build.0 = Debug|Any CPU
		{FFA3A491-1D20-4F27-917E-9D26DAA3AC05}.Release|Any CPU.ActiveCfg = Release|Any CPU
		{FFA3A491-1D20-4F27-917E-9D26DAA3AC05}.Release|Any CPU.Build.0 = Release|Any CPU
		{FFA3A491-1D20-4F27-917E-9D26DAA3AC05}.Release|x64.ActiveCfg = Release|Any CPU
		{FFA3A491-1D20-4F27-917E-9D26DAA3AC05}.Release|x64.Build.0 = Release|Any CPU
		{FFA3A491-1D20-4F27-917E-9D26DAA3AC05}.Release|x86.ActiveCfg = Release|Any CPU
		{FFA3A491-1D20-4F27-917E-9D26DAA3AC05}.Release|x86.Build.0 = Release|Any CPU
	EndGlobalSection
	GlobalSection(NestedProjects) = preSolution
		{E9F9AC87-15B9-4984-B836-D4017692B341} = {821B57FF-8CD1-4FB9-97A0-6D5B7D91AC0D}
		{FFA3A491-1D20-4F27-917E-9D26DAA3AC05} = {821B57FF-8CD1-4FB9-97A0-6D5B7D91AC0D}
	EndGlobalSection
EndGlobal
